
Microsoft Visual Studio Solution File, Format Version 12.00
# Visual Studio Version 17
VisualStudioVersion = 17.14.36518.9 d17.14
MinimumVisualStudioVersion = 10.0.40219.1
Project("{FAE04EC0-301F-11D3-BF4B-00C04F79EFBC}") = "dsa1", "dsa1\dsa1.csproj", "{09EE5205-7F82-455E-B041-9D1BA5CC44EA}"
EndProject
Global
	GlobalSection(SolutionConfigurationPlatforms) = preSolution
		Debug|Any CPU = Debug|Any CPU
		Release|Any CPU = Release|Any CPU
	EndGlobalSection
	GlobalSection(ProjectConfigurationPlatforms) = postSolution
		{09EE5205-7F82-455E-B041-9D1BA5CC44EA}.Debug|Any CPU.ActiveCfg = Debug|Any CPU
		{09EE5205-7F82-455E-B041-9D1BA5CC44EA}.Debug|Any CPU.Build.0 = Debug|Any CPU
		{09EE5205-7F82-455E-B041-9D1BA5CC44EA}.Release|Any CPU.ActiveCfg = Release|Any CPU
		{09EE5205-7F82-455E-B041-9D1BA5CC44EA}.Release|Any CPU.Build.0 = Release|Any CPU
	EndGlobalSection
	GlobalSection(SolutionProperties) = preSolution
		HideSolutionNode = FALSE
	EndGlobalSection
	GlobalSection(ExtensibilityGlobals) = postSolution
		SolutionGuid = {2FFE3EEC-0A0D-4549-A496-B34CF57081FF}
	EndGlobalSection
EndGlobal
