Microsoft Visual Studio Solution File, Format Version 12.00
# Visual Studio Version 17
VisualStudioVersion = 17.5.2.0
MinimumVisualStudioVersion = 10.0.40219.1
Project("{FAE04EC0-301F-11D3-BF4B-00C04F79EFBC}") = "dsa1", "dsa1.csproj", "{8F8BD081-3AB5-9781-FAFC-CC15C47F1D11}"
EndProject
Global
	GlobalSection(SolutionConfigurationPlatforms) = preSolution
		Debug|Any CPU = Debug|Any CPU
		Release|Any CPU = Release|Any CPU
	EndGlobalSection
	GlobalSection(ProjectConfigurationPlatforms) = postSolution
		{8F8BD081-3AB5-9781-FAFC-CC15C47F1D11}.Debug|Any CPU.ActiveCfg = Debug|Any CPU
		{8F8BD081-3AB5-9781-FAFC-CC15C47F1D11}.Debug|Any CPU.Build.0 = Debug|Any CPU
		{8F8BD081-3AB5-9781-FAFC-CC15C47F1D11}.Release|Any CPU.ActiveCfg = Release|Any CPU
		{8F8BD081-3AB5-9781-FAFC-CC15C47F1D11}.Release|Any CPU.Build.0 = Release|Any CPU
	EndGlobalSection
	GlobalSection(SolutionProperties) = preSolution
		HideSolutionNode = FALSE
	EndGlobalSection
	GlobalSection(ExtensibilityGlobals) = postSolution
		SolutionGuid = {5009DD38-A350-465D-B9A2-F86857A72084}
	EndGlobalSection
EndGlobal
